<Solution>
  <Folder Name="/apps/" />
  <Folder Name="/apps/desktop/">
    <Project Path="apps/desktop/NonProxy.Contracts/NonProxy.Contracts.csproj" />
    <Project Path="apps/desktop/NonProxy.Desktop.Core/NonProxy.Desktop.Core.csproj" />
    <Project Path="apps/desktop/NonProxy.Desktop.Mac/NonProxy.Desktop.Mac.csproj" />
    <Project Path="apps/desktop/NonProxy.Desktop.Tests/NonProxy.Desktop.Tests.csproj" />
    <Project Path="apps/desktop/NonProxy.Desktop.Windows/NonProxy.Desktop.Windows.csproj" />
  </Folder>
</Solution>
