<Solution>
  <Project Path="NonProxy.Contracts/NonProxy.Contracts.csproj" />
  <Project Path="NonProxy.Desktop.Core/NonProxy.Desktop.Core.csproj" />
  <Project Path="NonProxy.Desktop.Mac/NonProxy.Desktop.Mac.csproj" />
  <Project Path="NonProxy.Desktop.Tests/NonProxy.Desktop.Tests.csproj" />
  <Project Path="NonProxy.Desktop.Windows/NonProxy.Desktop.Windows.csproj" />
  <Project Path="../../tests/control-smoke/NonProxy.ControlSmoke.csproj" />
  <Project Path="../../tests/adapter-desktop-smoke/NonProxy.AdapterDesktopSmoke.csproj" />
</Solution>
